PODS:
  - AFNetworking (3.1.0):
    - AFNetworking/NSURLSession (= 3.1.0)
    - AFNetworking/Reachability (= 3.1.0)
    - AFNetworking/Security (= 3.1.0)
    - AFNetworking/Serialization (= 3.1.0)
    - AFNetworking/UIKit (= 3.1.0)
  - AFNetworking/NSURLSession (3.1.0):
    - AFNetworking/Reachability
    - AFNetworking/Security
    - AFNetworking/Serialization
  - AFNetworking/Reachability (3.1.0)
  - AFNetworking/Security (3.1.0)
  - AFNetworking/Serialization (3.1.0)
  - AFNetworking/UIKit (3.1.0):
    - AFNetworking/NSURLSession
  - AMap2DMap-NO-IDFA (5.6.1):
    - AMapFoundation-NO-IDFA (~> 1.4)
  - AMapFoundation-NO-IDFA (1.6.3)
  - Masonry (1.1.0)
  - MBProgressHUD (1.1.0)
  - MJRefresh (3.1.15.7)
  - Qiniu (7.3.3)
  - SDWebImage (5.6.0):
    - SDWebImage/Core (= 5.6.0)
  - SDWebImage/Core (5.6.0)
  - TYAttributedLabel (2.6.6)

DEPENDENCIES:
  - AFNetworking (~> 3.1.0)
  - AMap2DMap-NO-IDFA
  - Masonry (~> 1.1.0)
  - MBProgressHUD (~> 1.1.0)
  - MJRefresh (~> 3.1.15.1)
  - Qiniu (~> 7.3)
  - SDWebImage
  - TYAttributedLabel (~> 2.6.2)

SPEC REPOS:
  trunk:
    - AFNetworking
    - AMap2DMap-NO-IDFA
    - AMapFoundation-NO-IDFA
    - Masonry
    - MBProgressHUD
    - MJRefresh
    - Qiniu
    - SDWebImage
    - TYAttributedLabel

SPEC CHECKSUMS:
  AFNetworking: 5e0e199f73d8626b11e79750991f5d173d1f8b67
  AMap2DMap-NO-IDFA: ccecb3e2a044c17e6badb9b91c950e709368be20
  AMapFoundation-NO-IDFA: cf241b2f4832fe6c9e121af381e34791be49ad0d
  Masonry: 678fab65091a9290e40e2832a55e7ab731aad201
  MBProgressHUD: e7baa36a220447d8aeb12769bf0585582f3866d9
  MJRefresh: 697f8ec75ebdbe9207767bb682cf0f51b0d8a41f
  Qiniu: fe81b0c43a64afd229e30e28db15cbe5bc1c62d0
  SDWebImage: 21b19f56b4226cdfe3aefe4e6848dc43ed129a86
  TYAttributedLabel: cb8fc910d97eb5224936d4f692a78e042af691b2

PODFILE CHECKSUM: 4885c9036dd31b8213daaf7fb9ee0b4fa7aa896c

COCOAPODS: 1.9.1
